
Microsoft Visual Studio Solution File, Format Version 12.00
# Visual Studio Version 17
VisualStudioVersion = 17.11.35312.102
MinimumVisualStudioVersion = 10.0.40219.1
Project("{FAE04EC0-301F-11D3-BF4B-00C04F79EFBC}") = "UI", "QUANLYCUAHANG\UI.csproj", "{E3BA85AD-ADAE-4FD6-8559-2FF852C05D8E}"
EndProject
Project("{FAE04EC0-301F-11D3-BF4B-00C04F79EFBC}") = "DAL", "DAL\DAL.csproj", "{8CDF6E24-BB0E-45E5-AB41-6CA972242445}"
EndProject
Project("{FAE04EC0-301F-11D3-BF4B-00C04F79EFBC}") = "BLL", "BLL\BLL.csproj", "{B0D7D8F4-4947-4347-8EDB-0A63427121E8}"
EndProject
Project("{FAE04EC0-301F-11D3-BF4B-00C04F79EFBC}") = "Entity", "Entity\Entity.csproj", "{B71F2BF7-95B8-4098-9A91-0D4944361BC6}"
EndProject
Global
	GlobalSection(SolutionConfigurationPlatforms) = preSolution
		Debug|Any CPU = Debug|Any CPU
		Release|Any CPU = Release|Any CPU
	EndGlobalSection
	GlobalSection(ProjectConfigurationPlatforms) = postSolution
		{E3BA85AD-ADAE-4FD6-8559-2FF852C05D8E}.Debug|Any CPU.ActiveCfg = Debug|Any CPU
		{E3BA85AD-ADAE-4FD6-8559-2FF852C05D8E}.Debug|Any CPU.Build.0 = Debug|Any CPU
		{E3BA85AD-ADAE-4FD6-8559-2FF852C05D8E}.Release|Any CPU.ActiveCfg = Release|Any CPU
		{E3BA85AD-ADAE-4FD6-8559-2FF852C05D8E}.Release|Any CPU.Build.0 = Release|Any CPU
		{8CDF6E24-BB0E-45E5-AB41-6CA972242445}.Debug|Any CPU.ActiveCfg = Debug|Any CPU
		{8CDF6E24-BB0E-45E5-AB41-6CA972242445}.Debug|Any CPU.Build.0 = Debug|Any CPU
		{8CDF6E24-BB0E-45E5-AB41-6CA972242445}.Release|Any CPU.ActiveCfg = Release|Any CPU
		{8CDF6E24-BB0E-45E5-AB41-6CA972242445}.Release|Any CPU.Build.0 = Release|Any CPU
		{B0D7D8F4-4947-4347-8EDB-0A63427121E8}.Debug|Any CPU.ActiveCfg = Debug|Any CPU
		{B0D7D8F4-4947-4347-8EDB-0A63427121E8}.Debug|Any CPU.Build.0 = Debug|Any CPU
		{B0D7D8F4-4947-4347-8EDB-0A63427121E8}.Release|Any CPU.ActiveCfg = Release|Any CPU
		{B0D7D8F4-4947-4347-8EDB-0A63427121E8}.Release|Any CPU.Build.0 = Release|Any CPU
		{B71F2BF7-95B8-4098-9A91-0D4944361BC6}.Debug|Any CPU.ActiveCfg = Debug|Any CPU
		{B71F2BF7-95B8-4098-9A91-0D4944361BC6}.Debug|Any CPU.Build.0 = Debug|Any CPU
		{B71F2BF7-95B8-4098-9A91-0D4944361BC6}.Release|Any CPU.ActiveCfg = Release|Any CPU
		{B71F2BF7-95B8-4098-9A91-0D4944361BC6}.Release|Any CPU.Build.0 = Release|Any CPU
	EndGlobalSection
	GlobalSection(SolutionProperties) = preSolution
		HideSolutionNode = FALSE
	EndGlobalSection
	GlobalSection(ExtensibilityGlobals) = postSolution
		SolutionGuid = {5D9BAA84-4F95-4DDD-9EF1-778DF5F09768}
	EndGlobalSection
EndGlobal
